
Microsoft Visual Studio Solution File, Format Version 12.00
# Visual Studio 14
VisualStudioVersion = 14.0.25420.1
MinimumVisualStudioVersion = 10.0.40219.1
Project("{FAE04EC0-301F-11D3-BF4B-00C04F79EFBC}") = "timeular-api-csharp", "timeular-api-csharp\timeular-api-csharp.csproj", "{93C5A8BF-2D2E-41A3-9E77-CD4805E7318C}"
EndProject
Project("{FAE04EC0-301F-11D3-BF4B-00C04F79EFBC}") = "TestConsole", "TestConsole\TestConsole.csproj", "{A95FE166-3C4F-4A50-B7E6-43FF14EFB9DB}"
EndProject
Global
	GlobalSection(SolutionConfigurationPlatforms) = preSolution
		Debug|Any CPU = Debug|Any CPU
		Release|Any CPU = Release|Any CPU
	EndGlobalSection
	GlobalSection(ProjectConfigurationPlatforms) = postSolution
		{93C5A8BF-2D2E-41A3-9E77-CD4805E7318C}.Debug|Any CPU.ActiveCfg = Debug|Any CPU
		{93C5A8BF-2D2E-41A3-9E77-CD4805E7318C}.Debug|Any CPU.Build.0 = Debug|Any CPU
		{93C5A8BF-2D2E-41A3-9E77-CD4805E7318C}.Release|Any CPU.ActiveCfg = Release|Any CPU
		{93C5A8BF-2D2E-41A3-9E77-CD4805E7318C}.Release|Any CPU.Build.0 = Release|Any CPU
		{A95FE166-3C4F-4A50-B7E6-43FF14EFB9DB}.Debug|Any CPU.ActiveCfg = Debug|Any CPU
		{A95FE166-3C4F-4A50-B7E6-43FF14EFB9DB}.Debug|Any CPU.Build.0 = Debug|Any CPU
		{A95FE166-3C4F-4A50-B7E6-43FF14EFB9DB}.Release|Any CPU.ActiveCfg = Release|Any CPU
		{A95FE166-3C4F-4A50-B7E6-43FF14EFB9DB}.Release|Any CPU.Build.0 = Release|Any CPU
	EndGlobalSection
	GlobalSection(SolutionProperties) = preSolution
		HideSolutionNode = FALSE
	EndGlobalSection
EndGlobal
